
Microsoft Visual Studio Solution File, Format Version 12.00
# Visual Studio Version 17
VisualStudioVersion = 17.0.32014.148
MinimumVisualStudioVersion = 10.0.40219.1
Project("{FAE04EC0-301F-11D3-BF4B-00C04F79EFBC}") = "GanhouExperienciaIssoSim", "GanhouExperienciaIssoSim\GanhouExperienciaIssoSim.csproj", "{C0BFF289-F383-4ACE-AA30-619C303CD83B}"
EndProject
Project("{FAE04EC0-301F-11D3-BF4B-00C04F79EFBC}") = "GanhouExperienciaIssoSimTest", "GanhouExperienciaIssoSimTest\GanhouExperienciaIssoSimTest.csproj", "{34E17E6A-4C53-4BF6-BEC4-0866D36EB05A}"
EndProject
Global
	GlobalSection(SolutionConfigurationPlatforms) = preSolution
		Debug|Any CPU = Debug|Any CPU
		Release|Any CPU = Release|Any CPU
	EndGlobalSection
	GlobalSection(ProjectConfigurationPlatforms) = postSolution
		{C0BFF289-F383-4ACE-AA30-619C303CD83B}.Debug|Any CPU.ActiveCfg = Debug|Any CPU
		{C0BFF289-F383-4ACE-AA30-619C303CD83B}.Debug|Any CPU.Build.0 = Debug|Any CPU
		{C0BFF289-F383-4ACE-AA30-619C303CD83B}.Release|Any CPU.ActiveCfg = Release|Any CPU
		{C0BFF289-F383-4ACE-AA30-619C303CD83B}.Release|Any CPU.Build.0 = Release|Any CPU
		{34E17E6A-4C53-4BF6-BEC4-0866D36EB05A}.Debug|Any CPU.ActiveCfg = Debug|Any CPU
		{34E17E6A-4C53-4BF6-BEC4-0866D36EB05A}.Debug|Any CPU.Build.0 = Debug|Any CPU
		{34E17E6A-4C53-4BF6-BEC4-0866D36EB05A}.Release|Any CPU.ActiveCfg = Release|Any CPU
		{34E17E6A-4C53-4BF6-BEC4-0866D36EB05A}.Release|Any CPU.Build.0 = Release|Any CPU
	EndGlobalSection
	GlobalSection(SolutionProperties) = preSolution
		HideSolutionNode = FALSE
	EndGlobalSection
	GlobalSection(ExtensibilityGlobals) = postSolution
		SolutionGuid = {3829C6A7-CDEE-41A4-89F5-82C8BAEF886F}
	EndGlobalSection
EndGlobal
