
Microsoft Visual Studio Solution File, Format Version 12.00
# Visual Studio Version 17
VisualStudioVersion = 17.0.32014.148
MinimumVisualStudioVersion = 10.0.40219.1
Project("{9A19103F-16F7-4668-BE54-9A1E7A4F7556}") = "GanhouExperienciaIssoSim", "GanhouExperienciaIssoSim\GanhouExperienciaIssoSim.csproj", "{C0BFF289-F383-4ACE-AA30-619C303CD83B}"
EndProject
Project("{9A19103F-16F7-4668-BE54-9A1E7A4F7556}") = "GanhouExperienciaIssoSimTest", "GanhouExperienciaIssoSimTest\GanhouExperienciaIssoSimTest.csproj", "{34E17E6A-4C53-4BF6-BEC4-0866D36EB05A}"
EndProject
Project("{2150E333-8FDC-42A3-9474-1A3956D46DE8}") = "1. Front", "1. Front", "{69E82C0B-B9FE-4D28-80CC-AFA3521CC957}"
EndProject
Project("{2150E333-8FDC-42A3-9474-1A3956D46DE8}") = "4. Test", "4. Test", "{8EEEDA9F-3498-4EDF-A3AC-63E6749A4314}"
EndProject
Project("{2150E333-8FDC-42A3-9474-1A3956D46DE8}") = "2. Domain", "2. Domain", "{2E74AC69-7082-4A2F-98B0-ACFA89C294DB}"
EndProject
Project("{9A19103F-16F7-4668-BE54-9A1E7A4F7556}") = "GanhouExperienciaIssoSim.Domain", "GanhouExperienciaIssoSim.Domain\GanhouExperienciaIssoSim.Domain.csproj", "{987E8F56-0BED-4258-A81C-A5B832C6D068}"
EndProject
Project("{9A19103F-16F7-4668-BE54-9A1E7A4F7556}") = "GanhouExperienciaIssoSim.AspNet", "GanhouExperienciaIssoSim.AspNet\GanhouExperienciaIssoSim.AspNet.csproj", "{46AC0FDC-374B-4620-B4CE-FD74B489B470}"
EndProject
Project("{9A19103F-16F7-4668-BE54-9A1E7A4F7556}") = "GanhouExperienciaIssoSim.Function", "GanhouExperienciaIssoSim.Function\GanhouExperienciaIssoSim.Function.csproj", "{8B5834F8-5580-4277-A4DB-277ECCD345A9}"
EndProject
Project("{2150E333-8FDC-42A3-9474-1A3956D46DE8}") = "3. Repository", "3. Repository", "{D8309E63-CE84-45E5-A44F-A1070C1C9F62}"
EndProject
Project("{9A19103F-16F7-4668-BE54-9A1E7A4F7556}") = "GanhouExperienciaIssoSim.Repository", "GanhouExperienciaIssoSim.Repository\GanhouExperienciaIssoSim.Repository.csproj", "{5A3F9D40-DA1E-4879-8931-34722AE7B9E0}"
EndProject
Project("{9A19103F-16F7-4668-BE54-9A1E7A4F7556}") = "GanhouExperienciaIssoSim.Services", "GanhouExperienciaIssoSim.Services\GanhouExperienciaIssoSim.Services.csproj", "{F5191B7A-3F78-4303-8DD5-9E21EC234F61}"
EndProject
Project("{FAE04EC0-301F-11D3-BF4B-00C04F79EFBC}") = "GanhouExperienciaIssoSim.Common", "GanhouExperienciaIssoSim.Common\GanhouExperienciaIssoSim.Common.csproj", "{30E3EDC5-1711-43F2-A2EE-3EE46BDDBBD3}"
EndProject
Global
	GlobalSection(SolutionConfigurationPlatforms) = preSolution
		Debug|Any CPU = Debug|Any CPU
		Release|Any CPU = Release|Any CPU
	EndGlobalSection
	GlobalSection(ProjectConfigurationPlatforms) = postSolution
		{C0BFF289-F383-4ACE-AA30-619C303CD83B}.Debug|Any CPU.ActiveCfg = Debug|Any CPU
		{C0BFF289-F383-4ACE-AA30-619C303CD83B}.Debug|Any CPU.Build.0 = Debug|Any CPU
		{C0BFF289-F383-4ACE-AA30-619C303CD83B}.Release|Any CPU.ActiveCfg = Release|Any CPU
		{C0BFF289-F383-4ACE-AA30-619C303CD83B}.Release|Any CPU.Build.0 = Release|Any CPU
		{34E17E6A-4C53-4BF6-BEC4-0866D36EB05A}.Debug|Any CPU.ActiveCfg = Debug|Any CPU
		{34E17E6A-4C53-4BF6-BEC4-0866D36EB05A}.Debug|Any CPU.Build.0 = Debug|Any CPU
		{34E17E6A-4C53-4BF6-BEC4-0866D36EB05A}.Release|Any CPU.ActiveCfg = Release|Any CPU
		{34E17E6A-4C53-4BF6-BEC4-0866D36EB05A}.Release|Any CPU.Build.0 = Release|Any CPU
		{987E8F56-0BED-4258-A81C-A5B832C6D068}.Debug|Any CPU.ActiveCfg = Debug|Any CPU
		{987E8F56-0BED-4258-A81C-A5B832C6D068}.Debug|Any CPU.Build.0 = Debug|Any CPU
		{987E8F56-0BED-4258-A81C-A5B832C6D068}.Release|Any CPU.ActiveCfg = Release|Any CPU
		{987E8F56-0BED-4258-A81C-A5B832C6D068}.Release|Any CPU.Build.0 = Release|Any CPU
		{46AC0FDC-374B-4620-B4CE-FD74B489B470}.Debug|Any CPU.ActiveCfg = Debug|Any CPU
		{46AC0FDC-374B-4620-B4CE-FD74B489B470}.Debug|Any CPU.Build.0 = Debug|Any CPU
		{46AC0FDC-374B-4620-B4CE-FD74B489B470}.Release|Any CPU.ActiveCfg = Release|Any CPU
		{46AC0FDC-374B-4620-B4CE-FD74B489B470}.Release|Any CPU.Build.0 = Release|Any CPU
		{8B5834F8-5580-4277-A4DB-277ECCD345A9}.Debug|Any CPU.ActiveCfg = Debug|Any CPU
		{8B5834F8-5580-4277-A4DB-277ECCD345A9}.Debug|Any CPU.Build.0 = Debug|Any CPU
		{8B5834F8-5580-4277-A4DB-277ECCD345A9}.Release|Any CPU.ActiveCfg = Release|Any CPU
		{8B5834F8-5580-4277-A4DB-277ECCD345A9}.Release|Any CPU.Build.0 = Release|Any CPU
		{5A3F9D40-DA1E-4879-8931-34722AE7B9E0}.Debug|Any CPU.ActiveCfg = Debug|Any CPU
		{5A3F9D40-DA1E-4879-8931-34722AE7B9E0}.Debug|Any CPU.Build.0 = Debug|Any CPU
		{5A3F9D40-DA1E-4879-8931-34722AE7B9E0}.Release|Any CPU.ActiveCfg = Release|Any CPU
		{5A3F9D40-DA1E-4879-8931-34722AE7B9E0}.Release|Any CPU.Build.0 = Release|Any CPU
		{F5191B7A-3F78-4303-8DD5-9E21EC234F61}.Debug|Any CPU.ActiveCfg = Debug|Any CPU
		{F5191B7A-3F78-4303-8DD5-9E21EC234F61}.Debug|Any CPU.Build.0 = Debug|Any CPU
		{F5191B7A-3F78-4303-8DD5-9E21EC234F61}.Release|Any CPU.ActiveCfg = Release|Any CPU
		{F5191B7A-3F78-4303-8DD5-9E21EC234F61}.Release|Any CPU.Build.0 = Release|Any CPU
		{30E3EDC5-1711-43F2-A2EE-3EE46BDDBBD3}.Debug|Any CPU.ActiveCfg = Debug|Any CPU
		{30E3EDC5-1711-43F2-A2EE-3EE46BDDBBD3}.Debug|Any CPU.Build.0 = Debug|Any CPU
		{30E3EDC5-1711-43F2-A2EE-3EE46BDDBBD3}.Release|Any CPU.ActiveCfg = Release|Any CPU
		{30E3EDC5-1711-43F2-A2EE-3EE46BDDBBD3}.Release|Any CPU.Build.0 = Release|Any CPU
	EndGlobalSection
	GlobalSection(SolutionProperties) = preSolution
		HideSolutionNode = FALSE
	EndGlobalSection
	GlobalSection(NestedProjects) = preSolution
		{C0BFF289-F383-4ACE-AA30-619C303CD83B} = {69E82C0B-B9FE-4D28-80CC-AFA3521CC957}
		{34E17E6A-4C53-4BF6-BEC4-0866D36EB05A} = {8EEEDA9F-3498-4EDF-A3AC-63E6749A4314}
		{987E8F56-0BED-4258-A81C-A5B832C6D068} = {2E74AC69-7082-4A2F-98B0-ACFA89C294DB}
		{46AC0FDC-374B-4620-B4CE-FD74B489B470} = {69E82C0B-B9FE-4D28-80CC-AFA3521CC957}
		{8B5834F8-5580-4277-A4DB-277ECCD345A9} = {69E82C0B-B9FE-4D28-80CC-AFA3521CC957}
		{5A3F9D40-DA1E-4879-8931-34722AE7B9E0} = {D8309E63-CE84-45E5-A44F-A1070C1C9F62}
		{F5191B7A-3F78-4303-8DD5-9E21EC234F61} = {D8309E63-CE84-45E5-A44F-A1070C1C9F62}
		{30E3EDC5-1711-43F2-A2EE-3EE46BDDBBD3} = {2E74AC69-7082-4A2F-98B0-ACFA89C294DB}
	EndGlobalSection
	GlobalSection(ExtensibilityGlobals) = postSolution
		SolutionGuid = {3829C6A7-CDEE-41A4-89F5-82C8BAEF886F}
	EndGlobalSection
EndGlobal
